<?xml version="1.0" encoding="utf-8"?>
<Project ToolsVersion="4.0" xmlns="http://schemas.microsoft.com/developer/msbuild/2003">
  <ItemGroup>
    <ClCompile Include="pch.cpp">
      <Filter>99. Headers</Filter>
    </ClCompile>
    <ClCompile Include="MathUtils.cpp">
      <Filter>99. Headers\Math</Filter>
    </ClCompile>
    <ClCompile Include="Primitive3D.cpp">
      <Filter>99. Headers\Math</Filter>
    </ClCompile>
    <ClCompile Include="BindShaderDesc.cpp">
      <Filter>98. Utils</Filter>
    </ClCompile>
    <ClCompile Include="FileUtils.cpp">
      <Filter>98. Utils</Filter>
    </ClCompile>
    <ClCompile Include="SimpleMath.cpp">
      <Filter>98. Utils</Filter>
    </ClCompile>
    <ClCompile Include="tinyxml2.cpp">
      <Filter>98. Utils</Filter>
    </ClCompile>
    <ClCompile Include="Utils.cpp">
      <Filter>98. Utils</Filter>
    </ClCompile>
    <ClCompile Include="imgui.cpp">
      <Filter>98. Utils\ImGui</Filter>
    </ClCompile>
    <ClCompile Include="imgui_demo.cpp">
      <Filter>98. Utils\ImGui</Filter>
    </ClCompile>
    <ClCompile Include="imgui_draw.cpp">
      <Filter>98. Utils\ImGui</Filter>
    </ClCompile>
    <ClCompile Include="imgui_impl_dx11.cpp">
      <Filter>98. Utils\ImGui</Filter>
    </ClCompile>
    <ClCompile Include="imgui_impl_win32.cpp">
      <Filter>98. Utils\ImGui</Filter>
    </ClCompile>
    <ClCompile Include="imgui_tables.cpp">
      <Filter>98. Utils\ImGui</Filter>
    </ClCompile>
    <ClCompile Include="imgui_widgets.cpp">
      <Filter>98. Utils\ImGui</Filter>
    </ClCompile>
    <ClCompile Include="Billboard.cpp">
      <Filter>06. UI &amp; Effect</Filter>
    </ClCompile>
    <ClCompile Include="SnowBillboard.cpp">
      <Filter>06. UI &amp; Effect</Filter>
    </ClCompile>
    <ClCompile Include="Button.cpp">
      <Filter>06. UI &amp; Effect\UI</Filter>
    </ClCompile>
    <ClCompile Include="Text.cpp">
      <Filter>06. UI &amp; Effect\UI</Filter>
    </ClCompile>
    <ClCompile Include="UIPanel.cpp">
      <Filter>06. UI &amp; Effect\UI</Filter>
    </ClCompile>
    <ClCompile Include="RawBuffer.cpp">
      <Filter>05. ComputeShader\Buffer</Filter>
    </ClCompile>
    <ClCompile Include="StructuredBuffer.cpp">
      <Filter>05. ComputeShader\Buffer</Filter>
    </ClCompile>
    <ClCompile Include="TextureBuffer.cpp">
      <Filter>05. ComputeShader\Buffer</Filter>
    </ClCompile>
    <ClCompile Include="ImGuiManager.cpp">
      <Filter>02. Managers</Filter>
    </ClCompile>
    <ClCompile Include="InputManager.cpp">
      <Filter>02. Managers</Filter>
    </ClCompile>
    <ClCompile Include="RenderManager.cpp">
      <Filter>02. Managers</Filter>
    </ClCompile>
    <ClCompile Include="ResourceManager.cpp">
      <Filter>02. Managers</Filter>
    </ClCompile>
    <ClCompile Include="SoundManager.cpp">
      <Filter>02. Managers</Filter>
    </ClCompile>
    <ClCompile Include="TimeManager.cpp">
      <Filter>02. Managers</Filter>
    </ClCompile>
    <ClCompile Include="Game.cpp">
      <Filter>02. Managers</Filter>
    </ClCompile>
    <ClCompile Include="Graphics.cpp">
      <Filter>02. Managers</Filter>
    </ClCompile>
    <ClCompile Include="QuadTree.cpp">
      <Filter>01. Graphics</Filter>
    </ClCompile>
    <ClCompile Include="Sky.cpp">
      <Filter>01. Graphics</Filter>
    </ClCompile>
    <ClCompile Include="Viewport.cpp">
      <Filter>01. Graphics</Filter>
    </ClCompile>
    <ClCompile Include="ConstantBuffer.cpp">
      <Filter>01. Graphics\Buffer</Filter>
    </ClCompile>
    <ClCompile Include="Geometry.cpp">
      <Filter>01. Graphics\Buffer</Filter>
    </ClCompile>
    <ClCompile Include="GeometryHelper.cpp">
      <Filter>01. Graphics\Buffer</Filter>
    </ClCompile>
    <ClCompile Include="VertexData.cpp">
      <Filter>01. Graphics\Buffer</Filter>
    </ClCompile>
    <ClCompile Include="VertexBuffer.cpp">
      <Filter>01. Graphics\Buffer</Filter>
    </ClCompile>
    <ClCompile Include="InstancingBuffer.cpp">
      <Filter>01. Graphics\Buffer</Filter>
    </ClCompile>
    <ClCompile Include="IndexBuffer.cpp">
      <Filter>01. Graphics\Buffer</Filter>
    </ClCompile>
    <ClCompile Include="Pass.cpp">
      <Filter>01. Graphics\Shader</Filter>
    </ClCompile>
    <ClCompile Include="Shader.cpp">
      <Filter>01. Graphics\Shader</Filter>
    </ClCompile>
    <ClCompile Include="Technique.cpp">
      <Filter>01. Graphics\Shader</Filter>
    </ClCompile>
    <ClCompile Include="Material.cpp">
      <Filter>00. Engine\Resource</Filter>
    </ClCompile>
    <ClCompile Include="Mesh.cpp">
      <Filter>00. Engine\Resource</Filter>
    </ClCompile>
    <ClCompile Include="ResourceBase.cpp">
      <Filter>00. Engine\Resource</Filter>
    </ClCompile>
    <ClCompile Include="Texture.cpp">
      <Filter>00. Engine\Resource</Filter>
    </ClCompile>
    <ClCompile Include="Model.cpp">
      <Filter>00. Engine\Resource\Model</Filter>
    </ClCompile>
    <ClCompile Include="ModelAnimation.cpp">
      <Filter>00. Engine\Resource\Model</Filter>
    </ClCompile>
    <ClCompile Include="ModelMesh.cpp">
      <Filter>00. Engine\Resource\Model</Filter>
    </ClCompile>
    <ClCompile Include="GameObject.cpp">
      <Filter>03. GameObject</Filter>
    </ClCompile>
    <ClCompile Include="AABBBoxCollider.cpp">
      <Filter>04. Component\Collision</Filter>
    </ClCompile>
    <ClCompile Include="BaseCollider.cpp">
      <Filter>04. Component\Collision</Filter>
    </ClCompile>
    <ClCompile Include="OBBBoxCollider.cpp">
      <Filter>04. Component\Collision</Filter>
    </ClCompile>
    <ClCompile Include="SphereCollider.cpp">
      <Filter>04. Component\Collision</Filter>
    </ClCompile>
    <ClCompile Include="Camera.cpp">
      <Filter>04. Component</Filter>
    </ClCompile>
    <ClCompile Include="Component.cpp">
      <Filter>04. Component</Filter>
    </ClCompile>
    <ClCompile Include="Light.cpp">
      <Filter>04. Component</Filter>
    </ClCompile>
    <ClCompile Include="MeshRenderer.cpp">
      <Filter>04. Component</Filter>
    </ClCompile>
    <ClCompile Include="ModelRenderer.cpp">
      <Filter>04. Component</Filter>
    </ClCompile>
    <ClCompile Include="MonoBehaviour.cpp">
      <Filter>04. Component</Filter>
    </ClCompile>
    <ClCompile Include="ParticleSystem.cpp">
      <Filter>04. Component</Filter>
    </ClCompile>
    <ClCompile Include="Renderer.cpp">
      <Filter>04. Component</Filter>
    </ClCompile>
    <ClCompile Include="Rigidbody.cpp">
      <Filter>04. Component</Filter>
    </ClCompile>
    <ClCompile Include="Terrain.cpp">
      <Filter>04. Component</Filter>
    </ClCompile>
    <ClCompile Include="Transform.cpp">
      <Filter>04. Component</Filter>
    </ClCompile>
    <ClCompile Include="IExecute.cpp">
      <Filter>00. Engine\Interface</Filter>
    </ClCompile>
    <ClCompile Include="IFogOfWar.cpp">
      <Filter>00. Engine\Interface</Filter>
    </ClCompile>
    <ClCompile Include="ImageUI.cpp">
      <Filter>06. UI &amp; Effect\UI</Filter>
    </ClCompile>
    <ClCompile Include="SceneManager.cpp">
      <Filter>02. Managers\Scene</Filter>
    </ClCompile>
    <ClCompile Include="Scene.cpp">
      <Filter>02. Managers\Scene</Filter>
    </ClCompile>
    <ClCompile Include="SceneObjectManager.cpp">
      <Filter>02. Managers\Scene</Filter>
    </ClCompile>
    <ClCompile Include="ModelAnimator.cpp">
      <Filter>04. Component\Animation</Filter>
    </ClCompile>
    <ClCompile Include="AnimationState.cpp">
      <Filter>04. Component\Animation\AnimationStateMachine</Filter>
    </ClCompile>
    <ClCompile Include="AnimationStateMachine.cpp">
      <Filter>04. Component\Animation\AnimationStateMachine</Filter>
    </ClCompile>
    <ClCompile Include="ImGuizmo.cpp">
      <Filter>98. Utils\ImGui</Filter>
    </ClCompile>
    <ClCompile Include="NavMesh.cpp">
      <Filter>04. Component\NavMesh</Filter>
    </ClCompile>
    <ClCompile Include="NavMeshAgent.cpp">
      <Filter>04. Component\NavMesh</Filter>
    </ClCompile>
    <ClCompile Include="LobbyScene.cpp">
      <Filter>02. Managers\Scene</Filter>
    </ClCompile>
    <ClCompile Include="ScrollView.cpp">
      <Filter>06. UI &amp; Effect\UI</Filter>
    </ClCompile>
    <ClCompile Include="PlayerStateMachine.cpp">
      <Filter>04. Component\PlayerState</Filter>
    </ClCompile>
    <ClCompile Include="IPlayer.cpp">
      <Filter>00. Engine\Interface</Filter>
    </ClCompile>
    <ClCompile Include="D2DText.cpp">
      <Filter>06. UI &amp; Effect\UI</Filter>
    </ClCompile>
    <ClCompile Include="D2DTextRenderer.cpp">
      <Filter>02. Managers</Filter>
    </ClCompile>
    <ClCompile Include="MonsterState.cpp">
      <Filter>04. Component\MonsterState</Filter>
    </ClCompile>
    <ClCompile Include="MonsterStateMachine.cpp">
      <Filter>04. Component\MonsterState</Filter>
    </ClCompile>
    <ClCompile Include="Item.cpp">
      <Filter>03. GameObject\Item</Filter>
    </ClCompile>
    <ClCompile Include="SliderUI.cpp">
      <Filter>06. UI &amp; Effect\UI</Filter>
    </ClCompile>
    <ClCompile Include="EventManager.cpp">
      <Filter>02. Managers\Event</Filter>
    </ClCompile>
    <ClCompile Include="ISkill.cpp">
      <Filter>00. Engine\Interface\Skill</Filter>
    </ClCompile>
    <ClCompile Include="SkillConfig.cpp">
      <Filter>00. Engine\Interface\Skill\SkillConfig</Filter>
    </ClCompile>
    <ClCompile Include="IMonster.cpp">
      <Filter>00. Engine\Interface</Filter>
    </ClCompile>
  </ItemGroup>
  <ItemGroup>
    <ClInclude Include="Types.h">
      <Filter>99. Headers</Filter>
    </ClInclude>
    <ClInclude Include="Define.h">
      <Filter>99. Headers</Filter>
    </ClInclude>
    <ClInclude Include="pch.h">
      <Filter>99. Headers</Filter>
    </ClInclude>
    <ClInclude Include="EnginePch.h">
      <Filter>99. Headers</Filter>
    </ClInclude>
    <ClInclude Include="MathUtils.h">
      <Filter>99. Headers\Math</Filter>
    </ClInclude>
    <ClInclude Include="Primitive3D.h">
      <Filter>99. Headers\Math</Filter>
    </ClInclude>
    <ClInclude Include="Delegate.h">
      <Filter>98. Utils</Filter>
    </ClInclude>
    <ClInclude Include="BindShaderDesc.h">
      <Filter>98. Utils</Filter>
    </ClInclude>
    <ClInclude Include="FileUtils.h">
      <Filter>98. Utils</Filter>
    </ClInclude>
    <ClInclude Include="SimpleMath.h">
      <Filter>98. Utils</Filter>
    </ClInclude>
    <ClInclude Include="tinyxml2.h">
      <Filter>98. Utils</Filter>
    </ClInclude>
    <ClInclude Include="Utils.h">
      <Filter>98. Utils</Filter>
    </ClInclude>
    <ClInclude Include="imconfig.h">
      <Filter>98. Utils\ImGui</Filter>
    </ClInclude>
    <ClInclude Include="imgui.h">
      <Filter>98. Utils\ImGui</Filter>
    </ClInclude>
    <ClInclude Include="imgui_impl_dx11.h">
      <Filter>98. Utils\ImGui</Filter>
    </ClInclude>
    <ClInclude Include="imgui_impl_win32.h">
      <Filter>98. Utils\ImGui</Filter>
    </ClInclude>
    <ClInclude Include="imgui_internal.h">
      <Filter>98. Utils\ImGui</Filter>
    </ClInclude>
    <ClInclude Include="imstb_rectpack.h">
      <Filter>98. Utils\ImGui</Filter>
    </ClInclude>
    <ClInclude Include="imstb_textedit.h">
      <Filter>98. Utils\ImGui</Filter>
    </ClInclude>
    <ClInclude Include="imstb_truetype.h">
      <Filter>98. Utils\ImGui</Filter>
    </ClInclude>
    <ClInclude Include="Billboard.h">
      <Filter>06. UI &amp; Effect</Filter>
    </ClInclude>
    <ClInclude Include="SnowBillboard.h">
      <Filter>06. UI &amp; Effect</Filter>
    </ClInclude>
    <ClInclude Include="Button.h">
      <Filter>06. UI &amp; Effect\UI</Filter>
    </ClInclude>
    <ClInclude Include="Text.h">
      <Filter>06. UI &amp; Effect\UI</Filter>
    </ClInclude>
    <ClInclude Include="UIPanel.h">
      <Filter>06. UI &amp; Effect\UI</Filter>
    </ClInclude>
    <ClInclude Include="RawBuffer.h">
      <Filter>05. ComputeShader\Buffer</Filter>
    </ClInclude>
    <ClInclude Include="StructuredBuffer.h">
      <Filter>05. ComputeShader\Buffer</Filter>
    </ClInclude>
    <ClInclude Include="TextureBuffer.h">
      <Filter>05. ComputeShader\Buffer</Filter>
    </ClInclude>
    <ClInclude Include="ImGuiManager.h">
      <Filter>02. Managers</Filter>
    </ClInclude>
    <ClInclude Include="InputManager.h">
      <Filter>02. Managers</Filter>
    </ClInclude>
    <ClInclude Include="RenderManager.h">
      <Filter>02. Managers</Filter>
    </ClInclude>
    <ClInclude Include="ResourceManager.h">
      <Filter>02. Managers</Filter>
    </ClInclude>
    <ClInclude Include="SoundManager.h">
      <Filter>02. Managers</Filter>
    </ClInclude>
    <ClInclude Include="TimeManager.h">
      <Filter>02. Managers</Filter>
    </ClInclude>
    <ClInclude Include="Game.h">
      <Filter>02. Managers</Filter>
    </ClInclude>
    <ClInclude Include="Graphics.h">
      <Filter>02. Managers</Filter>
    </ClInclude>
    <ClInclude Include="QuadTree.h">
      <Filter>01. Graphics</Filter>
    </ClInclude>
    <ClInclude Include="Sky.h">
      <Filter>01. Graphics</Filter>
    </ClInclude>
    <ClInclude Include="Viewport.h">
      <Filter>01. Graphics</Filter>
    </ClInclude>
    <ClInclude Include="ConstantBuffer.h">
      <Filter>01. Graphics\Buffer</Filter>
    </ClInclude>
    <ClInclude Include="Geometry.h">
      <Filter>01. Graphics\Buffer</Filter>
    </ClInclude>
    <ClInclude Include="GeometryHelper.h">
      <Filter>01. Graphics\Buffer</Filter>
    </ClInclude>
    <ClInclude Include="VertexData.h">
      <Filter>01. Graphics\Buffer</Filter>
    </ClInclude>
    <ClInclude Include="VertexBuffer.h">
      <Filter>01. Graphics\Buffer</Filter>
    </ClInclude>
    <ClInclude Include="InstancingBuffer.h">
      <Filter>01. Graphics\Buffer</Filter>
    </ClInclude>
    <ClInclude Include="IndexBuffer.h">
      <Filter>01. Graphics\Buffer</Filter>
    </ClInclude>
    <ClInclude Include="Pass.h">
      <Filter>01. Graphics\Shader</Filter>
    </ClInclude>
    <ClInclude Include="Shader.h">
      <Filter>01. Graphics\Shader</Filter>
    </ClInclude>
    <ClInclude Include="Technique.h">
      <Filter>01. Graphics\Shader</Filter>
    </ClInclude>
    <ClInclude Include="Material.h">
      <Filter>00. Engine\Resource</Filter>
    </ClInclude>
    <ClInclude Include="Mesh.h">
      <Filter>00. Engine\Resource</Filter>
    </ClInclude>
    <ClInclude Include="ResourceBase.h">
      <Filter>00. Engine\Resource</Filter>
    </ClInclude>
    <ClInclude Include="Texture.h">
      <Filter>00. Engine\Resource</Filter>
    </ClInclude>
    <ClInclude Include="Model.h">
      <Filter>00. Engine\Resource\Model</Filter>
    </ClInclude>
    <ClInclude Include="ModelAnimation.h">
      <Filter>00. Engine\Resource\Model</Filter>
    </ClInclude>
    <ClInclude Include="ModelMesh.h">
      <Filter>00. Engine\Resource\Model</Filter>
    </ClInclude>
    <ClInclude Include="GameObject.h">
      <Filter>03. GameObject</Filter>
    </ClInclude>
    <ClInclude Include="AABBBoxCollider.h">
      <Filter>04. Component\Collision</Filter>
    </ClInclude>
    <ClInclude Include="BaseCollider.h">
      <Filter>04. Component\Collision</Filter>
    </ClInclude>
    <ClInclude Include="OBBBoxCollider.h">
      <Filter>04. Component\Collision</Filter>
    </ClInclude>
    <ClInclude Include="SphereCollider.h">
      <Filter>04. Component\Collision</Filter>
    </ClInclude>
    <ClInclude Include="Camera.h">
      <Filter>04. Component</Filter>
    </ClInclude>
    <ClInclude Include="Component.h">
      <Filter>04. Component</Filter>
    </ClInclude>
    <ClInclude Include="Light.h">
      <Filter>04. Component</Filter>
    </ClInclude>
    <ClInclude Include="MeshRenderer.h">
      <Filter>04. Component</Filter>
    </ClInclude>
    <ClInclude Include="ModelRenderer.h">
      <Filter>04. Component</Filter>
    </ClInclude>
    <ClInclude Include="MonoBehaviour.h">
      <Filter>04. Component</Filter>
    </ClInclude>
    <ClInclude Include="ParticleSystem.h">
      <Filter>04. Component</Filter>
    </ClInclude>
    <ClInclude Include="Renderer.h">
      <Filter>04. Component</Filter>
    </ClInclude>
    <ClInclude Include="Rigidbody.h">
      <Filter>04. Component</Filter>
    </ClInclude>
    <ClInclude Include="Terrain.h">
      <Filter>04. Component</Filter>
    </ClInclude>
    <ClInclude Include="Transform.h">
      <Filter>04. Component</Filter>
    </ClInclude>
    <ClInclude Include="IExecute.h">
      <Filter>00. Engine\Interface</Filter>
    </ClInclude>
    <ClInclude Include="IFogOfWar.h">
      <Filter>00. Engine\Interface</Filter>
    </ClInclude>
    <ClInclude Include="ImageUI.h">
      <Filter>06. UI &amp; Effect\UI</Filter>
    </ClInclude>
    <ClInclude Include="Scene.h">
      <Filter>02. Managers\Scene</Filter>
    </ClInclude>
    <ClInclude Include="SceneManager.h">
      <Filter>02. Managers\Scene</Filter>
    </ClInclude>
    <ClInclude Include="SceneObjectManager.h">
      <Filter>02. Managers\Scene</Filter>
    </ClInclude>
    <ClInclude Include="ModelAnimator.h">
      <Filter>04. Component\Animation</Filter>
    </ClInclude>
    <ClInclude Include="AnimationState.h">
      <Filter>04. Component\Animation\AnimationStateMachine</Filter>
    </ClInclude>
    <ClInclude Include="AnimationStateMachine.h">
      <Filter>04. Component\Animation\AnimationStateMachine</Filter>
    </ClInclude>
    <ClInclude Include="ImGuizmo.h">
      <Filter>98. Utils\ImGui</Filter>
    </ClInclude>
    <ClInclude Include="NavMesh.h">
      <Filter>04. Component\NavMesh</Filter>
    </ClInclude>
    <ClInclude Include="NavMeshAgent.h">
      <Filter>04. Component\NavMesh</Filter>
    </ClInclude>
    <ClInclude Include="LobbyScene.h">
      <Filter>02. Managers\Scene</Filter>
    </ClInclude>
    <ClInclude Include="ScrollView.h">
      <Filter>06. UI &amp; Effect\UI</Filter>
    </ClInclude>
    <ClInclude Include="PlayerStateMachine.h">
      <Filter>04. Component\PlayerState</Filter>
    </ClInclude>
    <ClInclude Include="IPlayer.h">
      <Filter>00. Engine\Interface</Filter>
    </ClInclude>
    <ClInclude Include="D2DText.h">
      <Filter>06. UI &amp; Effect\UI</Filter>
    </ClInclude>
    <ClInclude Include="D2DTextRenderer.h">
      <Filter>02. Managers</Filter>
    </ClInclude>
    <ClInclude Include="MonsterState.h">
      <Filter>04. Component\MonsterState</Filter>
    </ClInclude>
    <ClInclude Include="MonsterStateMachine.h">
      <Filter>04. Component\MonsterState</Filter>
    </ClInclude>
    <ClInclude Include="Item.h">
      <Filter>03. GameObject\Item</Filter>
    </ClInclude>
    <ClInclude Include="SliderUI.h">
      <Filter>06. UI &amp; Effect\UI</Filter>
    </ClInclude>
    <ClInclude Include="EventManager.h">
      <Filter>02. Managers\Event</Filter>
    </ClInclude>
    <ClInclude Include="EventClass.h">
      <Filter>02. Managers\Event</Filter>
    </ClInclude>
    <ClInclude Include="ISkill.h">
      <Filter>00. Engine\Interface\Skill</Filter>
    </ClInclude>
    <ClInclude Include="SkillConfig.h">
      <Filter>00. Engine\Interface\Skill\SkillConfig</Filter>
    </ClInclude>
    <ClInclude Include="IMonster.h">
      <Filter>00. Engine\Interface</Filter>
    </ClInclude>
  </ItemGroup>
  <ItemGroup>
    <Filter Include="00. Engine">
      <UniqueIdentifier>{9ad3bbde-6688-4cc9-92f9-f80235df7731}</UniqueIdentifier>
    </Filter>
    <Filter Include="01. Graphics">
      <UniqueIdentifier>{d4d99136-f06d-40be-b6bf-64412ecda429}</UniqueIdentifier>
    </Filter>
    <Filter Include="02. Managers">
      <UniqueIdentifier>{a687c626-034a-4f7c-bd67-c2ccab5e7427}</UniqueIdentifier>
    </Filter>
    <Filter Include="03. GameObject">
      <UniqueIdentifier>{62ee395f-d375-4679-b10b-c2842e0c137a}</UniqueIdentifier>
    </Filter>
    <Filter Include="04. Component">
      <UniqueIdentifier>{b10581f8-fbda-43e8-b313-85044f0bb005}</UniqueIdentifier>
    </Filter>
    <Filter Include="05. ComputeShader">
      <UniqueIdentifier>{67b50b86-3736-45ed-9b42-3c3f489c3792}</UniqueIdentifier>
    </Filter>
    <Filter Include="06. UI &amp; Effect">
      <UniqueIdentifier>{3f9e55f9-802e-4953-86d4-688b79913996}</UniqueIdentifier>
    </Filter>
    <Filter Include="98. Utils">
      <UniqueIdentifier>{762f2c2a-4341-4eaa-8eb4-d36d0442cef2}</UniqueIdentifier>
    </Filter>
    <Filter Include="99. Headers">
      <UniqueIdentifier>{547cdc67-b6e7-4ab5-8cb7-7687e83a8888}</UniqueIdentifier>
    </Filter>
    <Filter Include="99. Headers\Math">
      <UniqueIdentifier>{3b2ca7cf-07f4-4a2d-bb46-63e555cec2bb}</UniqueIdentifier>
    </Filter>
    <Filter Include="98. Utils\ImGui">
      <UniqueIdentifier>{c6765a5f-9a9c-455f-b9e5-bab69d96ee78}</UniqueIdentifier>
    </Filter>
    <Filter Include="06. UI &amp; Effect\UI">
      <UniqueIdentifier>{27dcef5f-500c-40f2-9e67-1d199faf535f}</UniqueIdentifier>
    </Filter>
    <Filter Include="05. ComputeShader\Buffer">
      <UniqueIdentifier>{c792093b-fb83-4c5f-b9b9-ac1a51c2872b}</UniqueIdentifier>
    </Filter>
    <Filter Include="01. Graphics\Buffer">
      <UniqueIdentifier>{a92058a0-fd96-44ac-8a45-448d0a3eb523}</UniqueIdentifier>
    </Filter>
    <Filter Include="01. Graphics\Shader">
      <UniqueIdentifier>{c5bbba7b-8271-43c1-9379-5bdd45344661}</UniqueIdentifier>
    </Filter>
    <Filter Include="00. Engine\Resource">
      <UniqueIdentifier>{0107631f-e627-46a2-bae4-bfc2548eb889}</UniqueIdentifier>
    </Filter>
    <Filter Include="00. Engine\Resource\Model">
      <UniqueIdentifier>{d7a2cf1e-62d6-4336-a4b9-e27f3216bb6c}</UniqueIdentifier>
    </Filter>
    <Filter Include="04. Component\Collision">
      <UniqueIdentifier>{c7692059-fce6-4c51-b96f-814c948b3964}</UniqueIdentifier>
    </Filter>
    <Filter Include="00. Engine\Interface">
      <UniqueIdentifier>{388cb458-a75b-4eea-894a-17fdae178144}</UniqueIdentifier>
    </Filter>
    <Filter Include="02. Managers\Scene">
      <UniqueIdentifier>{943e65c8-18eb-4ce0-8326-e4a549f64275}</UniqueIdentifier>
    </Filter>
    <Filter Include="04. Component\Animation">
      <UniqueIdentifier>{cea69602-fe55-4820-9acc-9e84a9d35a54}</UniqueIdentifier>
    </Filter>
    <Filter Include="04. Component\Animation\AnimationStateMachine">
      <UniqueIdentifier>{7f436137-1109-43bf-b82c-b5e3d35b5206}</UniqueIdentifier>
    </Filter>
    <Filter Include="04. Component\NavMesh">
      <UniqueIdentifier>{bb0affca-4019-4ad1-b1d2-40f2224fff0b}</UniqueIdentifier>
    </Filter>
    <Filter Include="04. Component\PlayerState">
      <UniqueIdentifier>{4349363b-7732-4eee-9734-5cf7aa53689d}</UniqueIdentifier>
    </Filter>
    <Filter Include="04. Component\MonsterState">
      <UniqueIdentifier>{a0750e74-fcb7-42f1-8573-d4bad8c79c94}</UniqueIdentifier>
    </Filter>
    <Filter Include="03. GameObject\Item">
      <UniqueIdentifier>{9412bb29-60cb-4eb7-b97b-77675bc38af2}</UniqueIdentifier>
    </Filter>
    <Filter Include="02. Managers\Event">
      <UniqueIdentifier>{ffa335f7-b3ec-43d7-bae8-903cbce2c1cd}</UniqueIdentifier>
    </Filter>
    <Filter Include="00. Engine\Interface\Skill">
      <UniqueIdentifier>{6157bb8c-634c-451f-8322-c902b9d7ca78}</UniqueIdentifier>
    </Filter>
    <Filter Include="00. Engine\Interface\Skill\SkillConfig">
      <UniqueIdentifier>{028ae89e-c78d-47aa-a424-703757499283}</UniqueIdentifier>
    </Filter>
  </ItemGroup>
  <ItemGroup>
    <None Include="SimpleMath.inl">
      <Filter>98. Utils</Filter>
    </None>
  </ItemGroup>
</Project>